
Microsoft Visual Studio Solution File, Format Version 12.00
# Visual Studio Version 16
VisualStudioVersion = 16.0.30204.135
MinimumVisualStudioVersion = 10.0.40219.1
Project("{FAE04EC0-301F-11D3-BF4B-00C04F79EFBC}") = "Visit Syria", "Visit Syria.csproj", "{9B563F77-480F-4819-A1ED-1CC381DC9AAF}"
EndProject
Global
	GlobalSection(SolutionConfigurationPlatforms) = preSolution
		Debug|Any CPU = Debug|Any CPU
		Release|Any CPU = Release|Any CPU
	EndGlobalSection
	GlobalSection(ProjectConfigurationPlatforms) = postSolution
		{9B563F77-480F-4819-A1ED-1CC381DC9AAF}.Debug|Any CPU.ActiveCfg = Debug|Any CPU
		{9B563F77-480F-4819-A1ED-1CC381DC9AAF}.Debug|Any CPU.Build.0 = Debug|Any CPU
		{9B563F77-480F-4819-A1ED-1CC381DC9AAF}.Release|Any CPU.ActiveCfg = Release|Any CPU
		{9B563F77-480F-4819-A1ED-1CC381DC9AAF}.Release|Any CPU.Build.0 = Release|Any CPU
	EndGlobalSection
	GlobalSection(SolutionProperties) = preSolution
		HideSolutionNode = FALSE
	EndGlobalSection
	GlobalSection(ExtensibilityGlobals) = postSolution
		SolutionGuid = {F2ACD6E3-DAEE-41FE-9094-C83F716593E1}
	EndGlobalSection
EndGlobal
